// !$*UTF8*$!
{
	archiveVersion = 1;
	classes = {
	};
	objectVersion = 46;
	objects = {

/* Begin PBXBuildFile section */
		7657FC161D67791700EECA8E /* AppDelegate.swift in Sources */ = {isa = PBXBuildFile; fileRef = 7657FC151D67791700EECA8E /* AppDelegate.swift */; };
		7657FC181D67791700EECA8E /* RecordSoundsVC.swift in Sources */ = {isa = PBXBuildFile; fileRef = 7657FC171D67791700EECA8E /* RecordSoundsVC.swift */; };
		7657FC1B1D67791700EECA8E /* Main.storyboard in Resources */ = {isa = PBXBuildFile; fileRef = 7657FC191D67791700EECA8E /* Main.storyboard */; };
		7657FC1D1D67791700EECA8E /* Assets.xcassets in Resources */ = {isa = PBXBuildFile; fileRef = 7657FC1C1D67791700EECA8E /* Assets.xcassets */; };
		7657FC201D67791700EECA8E /* LaunchScreen.storyboard in Resources */ = {isa = PBXBuildFile; fileRef = 7657FC1E1D67791700EECA8E /* LaunchScreen.storyboard */; };
		76F02BAC1D68703F00122496 /* PlaySoundsVC.swift in Sources */ = {isa = PBXBuildFile; fileRef = 76F02BAB1D68703F00122496 /* PlaySoundsVC.swift */; };
		76F02BAE1D687FCD00122496 /* PlaySoundsViewController+Audio.swift in Sources */ = {isa = PBXBuildFile; fileRef = 76F02BAD1D687FCD00122496 /* PlaySoundsViewController+Audio.swift */; };
/* End PBXBuildFile section */

/* Begin PBXFileReference section */
		7657FC121D67791700EECA8E /* PitchPerfect.app */ = {isa = PBXFileReference; explicitFileType = wrapper.application; includeInIndex = 0; path = PitchPerfect.app; sourceTree = BUILT_PRODUCTS_DIR; };
		7657FC151D67791700EECA8E /* AppDelegate.swift */ = {isa = PBXFileReference; lastKnownFileType = sourcecode.swift; path = AppDelegate.swift; sourceTree = "<group>"; };
		7657FC171D67791700EECA8E /* RecordSoundsVC.swift */ = {isa = PBXFileReference; lastKnownFileType = sourcecode.swift; path = RecordSoundsVC.swift; sourceTree = "<group>"; };
		7657FC1A1D67791700EECA8E /* Base */ = {isa = PBXFileReference; lastKnownFileType = file.storyboard; name = Base; path = Base.lproj/Main.storyboard; sourceTree = "<group>"; };
		7657FC1C1D67791700EECA8E /* Assets.xcassets */ = {isa = PBXFileReference; lastKnownFileType = folder.assetcatalog; path = Assets.xcassets; sourceTree = "<group>"; };
		7657FC1F1D67791700EECA8E /* Base */ = {isa = PBXFileReference; lastKnownFileType = file.storyboard; name = Base; path = Base.lproj/LaunchScreen.storyboard; sourceTree = "<group>"; };
		7657FC211D67791700EECA8E /* Info.plist */ = {isa = PBXFileReference; lastKnownFileType = text.plist.xml; path = Info.plist; sourceTree = "<group>"; };
		76F02BAB1D68703F00122496 /* PlaySoundsVC.swift */ = {isa = PBXFileReference; fileEncoding = 4; lastKnownFileType = sourcecode.swift; path = PlaySoundsVC.swift; sourceTree = "<group>"; };
		76F02BAD1D687FCD00122496 /* PlaySoundsViewController+Audio.swift */ = {isa = PBXFileReference; fileEncoding = 4; lastKnownFileType = sourcecode.swift; path = "PlaySoundsViewController+Audio.swift"; sourceTree = "<group>"; };
/* End PBXFileReference section */

/* Begin PBXFrameworksBuildPhase section */
		7657FC0F1D67791700EECA8E /* Frameworks */ = {
			isa = PBXFrameworksBuildPhase;
			buildActionMask = 2147483647;
			files = (
			);
			runOnlyForDeploymentPostprocessing = 0;
		};
/* End PBXFrameworksBuildPhase section */

/* Begin PBXGroup section */
		7657FC091D67791700EECA8E = {
			isa = PBXGroup;
			children = (
				7657FC141D67791700EECA8E /* PitchPerfect */,
				7657FC131D67791700EECA8E /* Products */,
			);
			sourceTree = "<group>";
		};
		7657FC131D67791700EECA8E /* Products */ = {
			isa = PBXGroup;
			children = (
				7657FC121D67791700EECA8E /* PitchPerfect.app */,
			);
			name = Products;
			sourceTree = "<group>";
		};
		7657FC141D67791700EECA8E /* PitchPerfect */ = {
			isa = PBXGroup;
			children = (
				7657FC151D67791700EECA8E /* AppDelegate.swift */,
				7657FC171D67791700EECA8E /* RecordSoundsVC.swift */,
				76F02BAB1D68703F00122496 /* PlaySoundsVC.swift */,
				76F02BAD1D687FCD00122496 /* PlaySoundsViewController+Audio.swift */,
				7657FC191D67791700EECA8E /* Main.storyboard */,
				7657FC1C1D67791700EECA8E /* Assets.xcassets */,
				7657FC1E1D67791700EECA8E /* LaunchScreen.storyboard */,
				7657FC211D67791700EECA8E /* Info.plist */,
			);
			path = PitchPerfect;
			sourceTree = "<group>";
		};
/* End PBXGroup section */

/* Begin PBXNativeTarget section */
		7657FC111D67791700EECA8E /* PitchPerfect */ = {
			isa = PBXNativeTarget;
			buildConfigurationList = 7657FC241D67791700EECA8E /* Build configuration list for PBXNativeTarget "PitchPerfect" */;
			buildPhases = (
				7657FC0E1D67791700EECA8E /* Sources */,
				7657FC0F1D67791700EECA8E /* Frameworks */,
				7657FC101D67791700EECA8E /* Resources */,
			);
			buildRules = (
			);
			dependencies = (
			);
			name = PitchPerfect;
			productName = PitchPerfect;
			productReference = 7657FC121D67791700EECA8E /* PitchPerfect.app */;
			productType = "com.apple.product-type.application";
		};
/* End PBXNativeTarget section */

/* Begin PBXProject section */
		7657FC0A1D67791700EECA8E /* Project object */ = {
			isa = PBXProject;
			attributes = {
				LastSwiftUpdateCheck = 0720;
				LastUpgradeCheck = 0720;
				ORGANIZATIONNAME = company.com;
				TargetAttributes = {
					7657FC111D67791700EECA8E = {
						CreatedOnToolsVersion = 7.2;
					};
				};
			};
			buildConfigurationList = 7657FC0D1D67791700EECA8E /* Build configuration list for PBXProject "PitchPerfect" */;
			compatibilityVersion = "Xcode 3.2";
			developmentRegion = English;
			hasScannedForEncodings = 0;
			knownRegions = (
				en,
				Base,
			);
			mainGroup = 7657FC091D67791700EECA8E;
			productRefGroup = 7657FC131D67791700EECA8E /* Products */;
			projectDirPath = "";
			projectRoot = "";
			targets = (
				7657FC111D67791700EECA8E /* PitchPerfect */,
			);
		};
/* End PBXProject section */

/* Begin PBXResourcesBuildPhase section */
		7657FC101D67791700EECA8E /* Resources */ = {
			isa = PBXResourcesBuildPhase;
			buildActionMask = 2147483647;
			files = (
				7657FC201D67791700EECA8E /* LaunchScreen.storyboard in Resources */,
				7657FC1D1D67791700EECA8E /* Assets.xcassets in Resources */,
				7657FC1B1D67791700EECA8E /* Main.storyboard in Resources */,
			);
			runOnlyForDeploymentPostprocessing = 0;
		};
/* End PBXResourcesBuildPhase section */

/* Begin PBXSourcesBuildPhase section */
		7657FC0E1D67791700EECA8E /* Sources */ = {
			isa = PBXSourcesBuildPhase;
			buildActionMask = 2147483647;
			files = (
				76F02BAC1D68703F00122496 /* PlaySoundsVC.swift in Sources */,
				76F02BAE1D687FCD00122496 /* PlaySoundsViewController+Audio.swift in Sources */,
				7657FC181D67791700EECA8E /* RecordSoundsVC.swift in Sources */,
				7657FC161D67791700EECA8E /* AppDelegate.swift in Sources */,
			);
			runOnlyForDeploymentPostprocessing = 0;
		};
/* End PBXSourcesBuildPhase section */

/* Begin PBXVariantGroup section */
		7657FC191D67791700EECA8E /* Main.storyboard */ = {
			isa = PBXVariantGroup;
			children = (
				7657FC1A1D67791700EECA8E /* Base */,
			);
			name = Main.storyboard;
			sourceTree = "<group>";
		};
		7657FC1E1D67791700EECA8E /* LaunchScreen.storyboard */ = {
			isa = PBXVariantGroup;
			children = (
				7657FC1F1D67791700EECA8E /* Base */,
			);
			name = LaunchScreen.storyboard;
			sourceTree = "<group>";
		};
/* End PBXVariantGroup section */

/* Begin XCBuildConfiguration section */
		7657FC221D67791700EECA8E /* Debug */ = {
			isa = XCBuildConfiguration;
			buildSettings = {
				ALWAYS_SEARCH_USER_PATHS = NO;
				CLANG_CXX_LANGUAGE_STANDARD = "gnu++0x";
				CLANG_CXX_LIBRARY = "libc++";
				CLANG_ENABLE_MODULES = YES;
				CLANG_ENABLE_OBJC_ARC = YES;
				CLANG_WARN_BOOL_CONVERSION = YES;
				CLANG_WARN_CONSTANT_CONVERSION = YES;
				CLANG_WARN_DIRECT_OBJC_ISA_USAGE = YES_ERROR;
				CLANG_WARN_EMPTY_BODY = YES;
				CLANG_WARN_ENUM_CONVERSION = YES;
				CLANG_WARN_INT_CONVERSION = YES;
				CLANG_WARN_OBJC_ROOT_CLASS = YES_ERROR;
				CLANG_WARN_UNREACHABLE_CODE = YES;
				CLANG_WARN__DUPLICATE_METHOD_MATCH = YES;
				"CODE_SIGN_IDENTITY[sdk=iphoneos*]" = "iPhone Developer";
				COPY_PHASE_STRIP = NO;
				DEBUG_INFORMATION_FORMAT = dwarf;
				ENABLE_STRICT_OBJC_MSGSEND = YES;
				ENABLE_TESTABILITY = YES;
				GCC_C_LANGUAGE_STANDARD = gnu99;
				GCC_DYNAMIC_NO_PIC = NO;
				GCC_NO_COMMON_BLOCKS = YES;
				GCC_OPTIMIZATION_LEVEL = 0;
				GCC_PREPROCESSOR_DEFINITIONS = (
					"DEBUG=1",
					"$(inherited)",
				);
				GCC_WARN_64_TO_32_BIT_CONVERSION = YES;
				GCC_WARN_ABOUT_RETURN_TYPE = YES_ERROR;
				GCC_WARN_UNDECLARED_SELECTOR = YES;
				GCC_WARN_UNINITIALIZED_AUTOS = YES_AGGRESSIVE;
				GCC_WARN_UNUSED_FUNCTION = YES;
				GCC_WARN_UNUSED_VARIABLE = YES;
				IPHONEOS_DEPLOYMENT_TARGET = 9.2;
				MTL_ENABLE_DEBUG_INFO = YES;
				ONLY_ACTIVE_ARCH = YES;
				SDKROOT = iphoneos;
				SWIFT_OPTIMIZATION_LEVEL = "-Onone";
				TARGETED_DEVICE_FAMILY = "1,2";
			};
			name = Debug;
		};
		7657FC231D67791700EECA8E /* Release */ = {
			isa = XCBuildConfiguration;
			buildSettings = {
				ALWAYS_SEARCH_USER_PATHS = NO;
				CLANG_CXX_LANGUAGE_STANDARD = "gnu++0x";
				CLANG_CXX_LIBRARY = "libc++";
				CLANG_ENABLE_MODULES = YES;
				CLANG_ENABLE_OBJC_ARC = YES;
				CLANG_WARN_BOOL_CONVERSION = YES;
				CLANG_WARN_CONSTANT_CONVERSION = YES;
				CLANG_WARN_DIRECT_OBJC_ISA_USAGE = YES_ERROR;
				CLANG_WARN_EMPTY_BODY = YES;
				CLANG_WARN_ENUM_CONVERSION = YES;
				CLANG_WARN_INT_CONVERSION = YES;
				CLANG_WARN_OBJC_ROOT_CLASS = YES_ERROR;
				CLANG_WARN_UNREACHABLE_CODE = YES;
				CLANG_WARN__DUPLICATE_METHOD_MATCH = YES;
				"CODE_SIGN_IDENTITY[sdk=iphoneos*]" = "iPhone Developer";
				COPY_PHASE_STRIP = NO;
				DEBUG_INFORMATION_FORMAT = "dwarf-with-dsym";
				ENABLE_NS_ASSERTIONS = NO;
				ENABLE_STRICT_OBJC_MSGSEND = YES;
				GCC_C_LANGUAGE_STANDARD = gnu99;
				GCC_NO_COMMON_BLOCKS = YES;
				GCC_WARN_64_TO_32_BIT_CONVERSION = YES;
				GCC_WARN_ABOUT_RETURN_TYPE = YES_ERROR;
				GCC_WARN_UNDECLARED_SELECTOR = YES;
				GCC_WARN_UNINITIALIZED_AUTOS = YES_AGGRESSIVE;
				GCC_WARN_UNUSED_FUNCTION = YES;
				GCC_WARN_UNUSED_VARIABLE = YES;
				IPHONEOS_DEPLOYMENT_TARGET = 9.2;
				MTL_ENABLE_DEBUG_INFO = NO;
				SDKROOT = iphoneos;
				TARGETED_DEVICE_FAMILY = "1,2";
				VALIDATE_PRODUCT = YES;
			};
			name = Release;
		};
		7657FC251D67791700EECA8E /* Debug */ = {
			isa = XCBuildConfiguration;
			buildSettings = {
				ASSETCATALOG_COMPILER_APPICON_NAME = AppIcon;
				INFOPLIST_FILE = PitchPerfect/Info.plist;
				LD_RUNPATH_SEARCH_PATHS = "$(inherited) @executable_path/Frameworks";
				PRODUCT_BUNDLE_IDENTIFIER = com.company.PitchPerfect;
				PRODUCT_NAME = "$(TARGET_NAME)";
			};
			name = Debug;
		};
		7657FC261D67791700EECA8E /* Release */ = {
			isa = XCBuildConfiguration;
			buildSettings = {
				ASSETCATALOG_COMPILER_APPICON_NAME = AppIcon;
				INFOPLIST_FILE = PitchPerfect/Info.plist;
				LD_RUNPATH_SEARCH_PATHS = "$(inherited) @executable_path/Frameworks";
				PRODUCT_BUNDLE_IDENTIFIER = com.company.PitchPerfect;
				PRODUCT_NAME = "$(TARGET_NAME)";
			};
			name = Release;
		};
/* End XCBuildConfiguration section */

/* Begin XCConfigurationList section */
		7657FC0D1D67791700EECA8E /* Build configuration list for PBXProject "PitchPerfect" */ = {
			isa = XCConfigurationList;
			buildConfigurations = (
				7657FC221D67791700EECA8E /* Debug */,
				7657FC231D67791700EECA8E /* Release */,
			);
			defaultConfigurationIsVisible = 0;
			defaultConfigurationName = Release;
		};
		7657FC241D67791700EECA8E /* Build configuration list for PBXNativeTarget "PitchPerfect" */ = {
			isa = XCConfigurationList;
			buildConfigurations = (
				7657FC251D67791700EECA8E /* Debug */,
				7657FC261D67791700EECA8E /* Release */,
			);
			defaultConfigurationIsVisible = 0;
			defaultConfigurationName = Release;
		};
/* End XCConfigurationList section */
	};
	rootObject = 7657FC0A1D67791700EECA8E /* Project object */;
}
